
Microsoft Visual Studio Solution File, Format Version 12.00
# Visual Studio Version 17
VisualStudioVersion = 17.9.34723.18
MinimumVisualStudioVersion = 10.0.40219.1
Project("{2150E333-8FDC-42A3-9474-1A3956D46DE8}") = "src", "src", "{F990B0B7-C330-4BA2-91C2-72BAF2569CB0}"
EndProject
Project("{2150E333-8FDC-42A3-9474-1A3956D46DE8}") = "test", "test", "{084F4264-713D-4805-9AC1-CE40196C4CE0}"
EndProject
Project("{2150E333-8FDC-42A3-9474-1A3956D46DE8}") = "API", "API", "{443F5B24-4E21-49AA-814E-382411ED8017}"
EndProject
Project("{2150E333-8FDC-42A3-9474-1A3956D46DE8}") = "Core", "Core", "{3C52ABCD-8E99-497E-A324-70A10D40A000}"
EndProject
Project("{2150E333-8FDC-42A3-9474-1A3956D46DE8}") = "Infrastructure", "Infrastructure", "{14D100B5-0F98-4A1C-BC87-049653ABF147}"
EndProject
Project("{2150E333-8FDC-42A3-9474-1A3956D46DE8}") = "UI", "UI", "{871BAA95-3BF1-45D7-8F6F-A8F128FB5923}"
EndProject
Project("{FAE04EC0-301F-11D3-BF4B-00C04F79EFBC}") = "HR.LeaveManagement.Domain", "HR.LeaveManagement.Domain\HR.LeaveManagement.Domain.csproj", "{2968818A-AE92-4E0C-8B7A-735BFB006EF1}"
EndProject
Project("{FAE04EC0-301F-11D3-BF4B-00C04F79EFBC}") = "HR.LeaveManagement.Application", "HR.LeaveManagement.Application\HR.LeaveManagement.Application.csproj", "{80C5076D-6B38-4431-88FA-7FA65B3C0D41}"
EndProject
Global
	GlobalSection(SolutionConfigurationPlatforms) = preSolution
		Debug|Any CPU = Debug|Any CPU
		Release|Any CPU = Release|Any CPU
	EndGlobalSection
	GlobalSection(ProjectConfigurationPlatforms) = postSolution
		{2968818A-AE92-4E0C-8B7A-735BFB006EF1}.Debug|Any CPU.ActiveCfg = Debug|Any CPU
		{2968818A-AE92-4E0C-8B7A-735BFB006EF1}.Debug|Any CPU.Build.0 = Debug|Any CPU
		{2968818A-AE92-4E0C-8B7A-735BFB006EF1}.Release|Any CPU.ActiveCfg = Release|Any CPU
		{2968818A-AE92-4E0C-8B7A-735BFB006EF1}.Release|Any CPU.Build.0 = Release|Any CPU
		{80C5076D-6B38-4431-88FA-7FA65B3C0D41}.Debug|Any CPU.ActiveCfg = Debug|Any CPU
		{80C5076D-6B38-4431-88FA-7FA65B3C0D41}.Debug|Any CPU.Build.0 = Debug|Any CPU
		{80C5076D-6B38-4431-88FA-7FA65B3C0D41}.Release|Any CPU.ActiveCfg = Release|Any CPU
		{80C5076D-6B38-4431-88FA-7FA65B3C0D41}.Release|Any CPU.Build.0 = Release|Any CPU
	EndGlobalSection
	GlobalSection(SolutionProperties) = preSolution
		HideSolutionNode = FALSE
	EndGlobalSection
	GlobalSection(NestedProjects) = preSolution
		{443F5B24-4E21-49AA-814E-382411ED8017} = {F990B0B7-C330-4BA2-91C2-72BAF2569CB0}
		{3C52ABCD-8E99-497E-A324-70A10D40A000} = {F990B0B7-C330-4BA2-91C2-72BAF2569CB0}
		{14D100B5-0F98-4A1C-BC87-049653ABF147} = {F990B0B7-C330-4BA2-91C2-72BAF2569CB0}
		{871BAA95-3BF1-45D7-8F6F-A8F128FB5923} = {F990B0B7-C330-4BA2-91C2-72BAF2569CB0}
		{2968818A-AE92-4E0C-8B7A-735BFB006EF1} = {3C52ABCD-8E99-497E-A324-70A10D40A000}
		{80C5076D-6B38-4431-88FA-7FA65B3C0D41} = {3C52ABCD-8E99-497E-A324-70A10D40A000}
	EndGlobalSection
	GlobalSection(ExtensibilityGlobals) = postSolution
		SolutionGuid = {72A71B5D-D31F-453F-87E6-3C5F3C038404}
	EndGlobalSection
EndGlobal
